// !$*UTF8*$!
{
	archiveVersion = 1;
	classes = {
	};
	objectVersion = 56;
	objects = {

/* Begin PBXBuildFile section */
		820BA3A429B268C80071CD0F /* ProfileView.swift in Sources */ = {isa = PBXBuildFile; fileRef = 820BA3A329B268C80071CD0F /* ProfileView.swift */; };
		820BAFE129AB641800F6D401 /* VerifyEmailView.swift in Sources */ = {isa = PBXBuildFile; fileRef = 820BAFE029AB641800F6D401 /* VerifyEmailView.swift */; };
		821FE26029C08A3700B2A62C /* DiseasesOutput.json in Resources */ = {isa = PBXBuildFile; fileRef = 821FE25F29C08A3700B2A62C /* DiseasesOutput.json */; };
		821FE26229C08A5400B2A62C /* Diseases.swift in Sources */ = {isa = PBXBuildFile; fileRef = 821FE26129C08A5400B2A62C /* Diseases.swift */; };
		822A745029A7D28D009F3A95 /* UserModel.swift in Sources */ = {isa = PBXBuildFile; fileRef = 822A744F29A7D28D009F3A95 /* UserModel.swift */; };
		822A745229A8BA3A009F3A95 /* GoogleService-Info.plist in Resources */ = {isa = PBXBuildFile; fileRef = 822A745129A8BA3A009F3A95 /* GoogleService-Info.plist */; };
		822A745529A8BCFC009F3A95 /* FirebaseAuth in Frameworks */ = {isa = PBXBuildFile; productRef = 822A745429A8BCFC009F3A95 /* FirebaseAuth */; };
		822A745729A8BCFC009F3A95 /* FirebaseDatabase in Frameworks */ = {isa = PBXBuildFile; productRef = 822A745629A8BCFC009F3A95 /* FirebaseDatabase */; };
		822A745929A8BCFC009F3A95 /* FirebaseDatabaseSwift in Frameworks */ = {isa = PBXBuildFile; productRef = 822A745829A8BCFC009F3A95 /* FirebaseDatabaseSwift */; };
		822A745B29A8BCFC009F3A95 /* FirebaseFirestore in Frameworks */ = {isa = PBXBuildFile; productRef = 822A745A29A8BCFC009F3A95 /* FirebaseFirestore */; };
		822A745D29A8BCFC009F3A95 /* FirebaseFirestoreCombine-Community in Frameworks */ = {isa = PBXBuildFile; productRef = 822A745C29A8BCFC009F3A95 /* FirebaseFirestoreCombine-Community */; };
		822A745F29A8BCFC009F3A95 /* FirebaseFirestoreSwift in Frameworks */ = {isa = PBXBuildFile; productRef = 822A745E29A8BCFC009F3A95 /* FirebaseFirestoreSwift */; };
		822A746129A8BCFC009F3A95 /* FirebaseStorage in Frameworks */ = {isa = PBXBuildFile; productRef = 822A746029A8BCFC009F3A95 /* FirebaseStorage */; };
		822A746329A8BCFC009F3A95 /* FirebaseStorageCombine-Community in Frameworks */ = {isa = PBXBuildFile; productRef = 822A746229A8BCFC009F3A95 /* FirebaseStorageCombine-Community */; };
		822A746629A8C467009F3A95 /* Firebase.swift in Sources */ = {isa = PBXBuildFile; fileRef = 822A746529A8C467009F3A95 /* Firebase.swift */; };
		822A746929A8EB96009F3A95 /* LoginViewModel.swift in Sources */ = {isa = PBXBuildFile; fileRef = 822A746829A8EB96009F3A95 /* LoginViewModel.swift */; };
		8262E83329BF45D80047F790 /* HomeView.swift in Sources */ = {isa = PBXBuildFile; fileRef = 8262E83229BF45D80047F790 /* HomeView.swift */; };
		8262E83629BF97D30047F790 /* DiagnosisBeginView.swift in Sources */ = {isa = PBXBuildFile; fileRef = 8262E83529BF97D30047F790 /* DiagnosisBeginView.swift */; };
		8264B6E229B9019500A9EDA8 /* Symptoms.swift in Sources */ = {isa = PBXBuildFile; fileRef = 8264B6E129B9019400A9EDA8 /* Symptoms.swift */; };
		8264B6E429B9033900A9EDA8 /* EndlessMedicalAPI.swift in Sources */ = {isa = PBXBuildFile; fileRef = 8264B6E329B9033900A9EDA8 /* EndlessMedicalAPI.swift */; };
		8264B6E729B9037800A9EDA8 /* SymptomsOutput.json in Resources */ = {isa = PBXBuildFile; fileRef = 8264B6E629B9037800A9EDA8 /* SymptomsOutput.json */; };
		8264B6E929B9F2E100A9EDA8 /* SymptomSearchView.swift in Sources */ = {isa = PBXBuildFile; fileRef = 8264B6E829B9F2E100A9EDA8 /* SymptomSearchView.swift */; };
		8264B6EB29B9F7C500A9EDA8 /* SymptomDetailView.swift in Sources */ = {isa = PBXBuildFile; fileRef = 8264B6EA29B9F7C500A9EDA8 /* SymptomDetailView.swift */; };
		82D4EAC529BB31100006ACED /* SymptomAnalyzerViewModel.swift in Sources */ = {isa = PBXBuildFile; fileRef = 82D4EAC429BB31100006ACED /* SymptomAnalyzerViewModel.swift */; };
		82F0191C29A77968003B33F4 /* MedSwiftiOSApp.swift in Sources */ = {isa = PBXBuildFile; fileRef = 82F0191B29A77968003B33F4 /* MedSwiftiOSApp.swift */; };
		82F0191E29A77968003B33F4 /* ContentView.swift in Sources */ = {isa = PBXBuildFile; fileRef = 82F0191D29A77968003B33F4 /* ContentView.swift */; };
		82F0192029A77969003B33F4 /* Assets.xcassets in Resources */ = {isa = PBXBuildFile; fileRef = 82F0191F29A77969003B33F4 /* Assets.xcassets */; };
		82F0192329A77969003B33F4 /* Preview Assets.xcassets in Resources */ = {isa = PBXBuildFile; fileRef = 82F0192229A77969003B33F4 /* Preview Assets.xcassets */; };
		82F0192B29A77A25003B33F4 /* LoginView.swift in Sources */ = {isa = PBXBuildFile; fileRef = 82F0192A29A77A25003B33F4 /* LoginView.swift */; };
		82F0192D29A796DC003B33F4 /* RegistrationView.swift in Sources */ = {isa = PBXBuildFile; fileRef = 82F0192C29A796DC003B33F4 /* RegistrationView.swift */; };
/* End PBXBuildFile section */

/* Begin PBXFileReference section */
		820BA3A329B268C80071CD0F /* ProfileView.swift */ = {isa = PBXFileReference; lastKnownFileType = sourcecode.swift; path = ProfileView.swift; sourceTree = "<group>"; };
		820BAFE029AB641800F6D401 /* VerifyEmailView.swift */ = {isa = PBXFileReference; lastKnownFileType = sourcecode.swift; path = VerifyEmailView.swift; sourceTree = "<group>"; };
		821FE25F29C08A3700B2A62C /* DiseasesOutput.json */ = {isa = PBXFileReference; fileEncoding = 4; lastKnownFileType = text.json; path = DiseasesOutput.json; sourceTree = "<group>"; };
		821FE26129C08A5400B2A62C /* Diseases.swift */ = {isa = PBXFileReference; lastKnownFileType = sourcecode.swift; path = Diseases.swift; sourceTree = "<group>"; };
		822A744F29A7D28D009F3A95 /* UserModel.swift */ = {isa = PBXFileReference; lastKnownFileType = sourcecode.swift; path = UserModel.swift; sourceTree = "<group>"; };
		822A745129A8BA3A009F3A95 /* GoogleService-Info.plist */ = {isa = PBXFileReference; fileEncoding = 4; lastKnownFileType = text.plist.xml; path = "GoogleService-Info.plist"; sourceTree = "<group>"; };
		822A746529A8C467009F3A95 /* Firebase.swift */ = {isa = PBXFileReference; lastKnownFileType = sourcecode.swift; path = Firebase.swift; sourceTree = "<group>"; };
		822A746829A8EB96009F3A95 /* LoginViewModel.swift */ = {isa = PBXFileReference; lastKnownFileType = sourcecode.swift; path = LoginViewModel.swift; sourceTree = "<group>"; };
		8262E83229BF45D80047F790 /* HomeView.swift */ = {isa = PBXFileReference; lastKnownFileType = sourcecode.swift; path = HomeView.swift; sourceTree = "<group>"; };
		8262E83529BF97D30047F790 /* DiagnosisBeginView.swift */ = {isa = PBXFileReference; lastKnownFileType = sourcecode.swift; path = DiagnosisBeginView.swift; sourceTree = "<group>"; };
		8264B6E129B9019400A9EDA8 /* Symptoms.swift */ = {isa = PBXFileReference; lastKnownFileType = sourcecode.swift; path = Symptoms.swift; sourceTree = "<group>"; };
		8264B6E329B9033900A9EDA8 /* EndlessMedicalAPI.swift */ = {isa = PBXFileReference; lastKnownFileType = sourcecode.swift; path = EndlessMedicalAPI.swift; sourceTree = "<group>"; };
		8264B6E629B9037800A9EDA8 /* SymptomsOutput.json */ = {isa = PBXFileReference; fileEncoding = 4; lastKnownFileType = text.json; path = SymptomsOutput.json; sourceTree = "<group>"; };
		8264B6E829B9F2E100A9EDA8 /* SymptomSearchView.swift */ = {isa = PBXFileReference; lastKnownFileType = sourcecode.swift; path = SymptomSearchView.swift; sourceTree = "<group>"; };
		8264B6EA29B9F7C500A9EDA8 /* SymptomDetailView.swift */ = {isa = PBXFileReference; lastKnownFileType = sourcecode.swift; path = SymptomDetailView.swift; sourceTree = "<group>"; };
		82D4EAC429BB31100006ACED /* SymptomAnalyzerViewModel.swift */ = {isa = PBXFileReference; lastKnownFileType = sourcecode.swift; path = SymptomAnalyzerViewModel.swift; sourceTree = "<group>"; };
		82F0191829A77968003B33F4 /* MedSwiftiOS.app */ = {isa = PBXFileReference; explicitFileType = wrapper.application; includeInIndex = 0; path = MedSwiftiOS.app; sourceTree = BUILT_PRODUCTS_DIR; };
		82F0191B29A77968003B33F4 /* MedSwiftiOSApp.swift */ = {isa = PBXFileReference; lastKnownFileType = sourcecode.swift; path = MedSwiftiOSApp.swift; sourceTree = "<group>"; };
		82F0191D29A77968003B33F4 /* ContentView.swift */ = {isa = PBXFileReference; lastKnownFileType = sourcecode.swift; path = ContentView.swift; sourceTree = "<group>"; };
		82F0191F29A77969003B33F4 /* Assets.xcassets */ = {isa = PBXFileReference; lastKnownFileType = folder.assetcatalog; path = Assets.xcassets; sourceTree = "<group>"; };
		82F0192229A77969003B33F4 /* Preview Assets.xcassets */ = {isa = PBXFileReference; lastKnownFileType = folder.assetcatalog; path = "Preview Assets.xcassets"; sourceTree = "<group>"; };
		82F0192A29A77A25003B33F4 /* LoginView.swift */ = {isa = PBXFileReference; lastKnownFileType = sourcecode.swift; path = LoginView.swift; sourceTree = "<group>"; };
		82F0192C29A796DC003B33F4 /* RegistrationView.swift */ = {isa = PBXFileReference; lastKnownFileType = sourcecode.swift; path = RegistrationView.swift; sourceTree = "<group>"; };
/* End PBXFileReference section */

/* Begin PBXFrameworksBuildPhase section */
		82F0191529A77968003B33F4 /* Frameworks */ = {
			isa = PBXFrameworksBuildPhase;
			buildActionMask = 2147483647;
			files = (
				822A745929A8BCFC009F3A95 /* FirebaseDatabaseSwift in Frameworks */,
				822A745B29A8BCFC009F3A95 /* FirebaseFirestore in Frameworks */,
				822A746329A8BCFC009F3A95 /* FirebaseStorageCombine-Community in Frameworks */,
				822A745729A8BCFC009F3A95 /* FirebaseDatabase in Frameworks */,
				822A745D29A8BCFC009F3A95 /* FirebaseFirestoreCombine-Community in Frameworks */,
				822A746129A8BCFC009F3A95 /* FirebaseStorage in Frameworks */,
				822A745529A8BCFC009F3A95 /* FirebaseAuth in Frameworks */,
				822A745F29A8BCFC009F3A95 /* FirebaseFirestoreSwift in Frameworks */,
			);
			runOnlyForDeploymentPostprocessing = 0;
		};
/* End PBXFrameworksBuildPhase section */

/* Begin PBXGroup section */
		822A744E29A7D12B009F3A95 /* Models */ = {
			isa = PBXGroup;
			children = (
				822A744F29A7D28D009F3A95 /* UserModel.swift */,
				8264B6E129B9019400A9EDA8 /* Symptoms.swift */,
				821FE26129C08A5400B2A62C /* Diseases.swift */,
			);
			path = Models;
			sourceTree = "<group>";
		};
		822A746429A8C413009F3A95 /* Services */ = {
			isa = PBXGroup;
			children = (
				822A746529A8C467009F3A95 /* Firebase.swift */,
				8264B6E329B9033900A9EDA8 /* EndlessMedicalAPI.swift */,
			);
			path = Services;
			sourceTree = "<group>";
		};
		822A746729A8EAE1009F3A95 /* ViewModels */ = {
			isa = PBXGroup;
			children = (
				822A746829A8EB96009F3A95 /* LoginViewModel.swift */,
				82D4EAC429BB31100006ACED /* SymptomAnalyzerViewModel.swift */,
			);
			path = ViewModels;
			sourceTree = "<group>";
		};
		8262E83429BF47A50047F790 /* Diagnosis */ = {
			isa = PBXGroup;
			children = (
				8264B6E829B9F2E100A9EDA8 /* SymptomSearchView.swift */,
				8264B6EA29B9F7C500A9EDA8 /* SymptomDetailView.swift */,
				8262E83529BF97D30047F790 /* DiagnosisBeginView.swift */,
			);
			path = Diagnosis;
			sourceTree = "<group>";
		};
		8264B6E529B9036900A9EDA8 /* Data */ = {
			isa = PBXGroup;
			children = (
				8264B6E629B9037800A9EDA8 /* SymptomsOutput.json */,
				821FE25F29C08A3700B2A62C /* DiseasesOutput.json */,
			);
			path = Data;
			sourceTree = "<group>";
		};
		82F0190F29A77968003B33F4 = {
			isa = PBXGroup;
			children = (
				82F0191A29A77968003B33F4 /* MedSwiftiOS */,
				82F0191929A77968003B33F4 /* Products */,
			);
			sourceTree = "<group>";
		};
		82F0191929A77968003B33F4 /* Products */ = {
			isa = PBXGroup;
			children = (
				82F0191829A77968003B33F4 /* MedSwiftiOS.app */,
			);
			name = Products;
			sourceTree = "<group>";
		};
		82F0191A29A77968003B33F4 /* MedSwiftiOS */ = {
			isa = PBXGroup;
			children = (
				8264B6E529B9036900A9EDA8 /* Data */,
				822A746729A8EAE1009F3A95 /* ViewModels */,
				822A746429A8C413009F3A95 /* Services */,
				822A745129A8BA3A009F3A95 /* GoogleService-Info.plist */,
				822A744E29A7D12B009F3A95 /* Models */,
				82F0192929A77A11003B33F4 /* Views */,
				82F0191B29A77968003B33F4 /* MedSwiftiOSApp.swift */,
				82F0191D29A77968003B33F4 /* ContentView.swift */,
				82F0191F29A77969003B33F4 /* Assets.xcassets */,
				82F0192129A77969003B33F4 /* Preview Content */,
			);
			path = MedSwiftiOS;
			sourceTree = "<group>";
		};
		82F0192129A77969003B33F4 /* Preview Content */ = {
			isa = PBXGroup;
			children = (
				82F0192229A77969003B33F4 /* Preview Assets.xcassets */,
			);
			path = "Preview Content";
			sourceTree = "<group>";
		};
		82F0192929A77A11003B33F4 /* Views */ = {
			isa = PBXGroup;
			children = (
				8262E83429BF47A50047F790 /* Diagnosis */,
				82F0192A29A77A25003B33F4 /* LoginView.swift */,
				82F0192C29A796DC003B33F4 /* RegistrationView.swift */,
				820BAFE029AB641800F6D401 /* VerifyEmailView.swift */,
				820BA3A329B268C80071CD0F /* ProfileView.swift */,
				8262E83229BF45D80047F790 /* HomeView.swift */,
			);
			path = Views;
			sourceTree = "<group>";
		};
/* End PBXGroup section */

/* Begin PBXNativeTarget section */
		82F0191729A77968003B33F4 /* MedSwiftiOS */ = {
			isa = PBXNativeTarget;
			buildConfigurationList = 82F0192629A77969003B33F4 /* Build configuration list for PBXNativeTarget "MedSwiftiOS" */;
			buildPhases = (
				82F0191429A77968003B33F4 /* Sources */,
				82F0191529A77968003B33F4 /* Frameworks */,
				82F0191629A77968003B33F4 /* Resources */,
			);
			buildRules = (
			);
			dependencies = (
			);
			name = MedSwiftiOS;
			packageProductDependencies = (
				822A745429A8BCFC009F3A95 /* FirebaseAuth */,
				822A745629A8BCFC009F3A95 /* FirebaseDatabase */,
				822A745829A8BCFC009F3A95 /* FirebaseDatabaseSwift */,
				822A745A29A8BCFC009F3A95 /* FirebaseFirestore */,
				822A745C29A8BCFC009F3A95 /* FirebaseFirestoreCombine-Community */,
				822A745E29A8BCFC009F3A95 /* FirebaseFirestoreSwift */,
				822A746029A8BCFC009F3A95 /* FirebaseStorage */,
				822A746229A8BCFC009F3A95 /* FirebaseStorageCombine-Community */,
			);
			productName = MedSwiftiOS;
			productReference = 82F0191829A77968003B33F4 /* MedSwiftiOS.app */;
			productType = "com.apple.product-type.application";
		};
/* End PBXNativeTarget section */

/* Begin PBXProject section */
		82F0191029A77968003B33F4 /* Project object */ = {
			isa = PBXProject;
			attributes = {
				BuildIndependentTargetsInParallel = 1;
				LastSwiftUpdateCheck = 1420;
				LastUpgradeCheck = 1420;
				TargetAttributes = {
					82F0191729A77968003B33F4 = {
						CreatedOnToolsVersion = 14.2;
					};
				};
			};
			buildConfigurationList = 82F0191329A77968003B33F4 /* Build configuration list for PBXProject "MedSwiftiOS" */;
			compatibilityVersion = "Xcode 14.0";
			developmentRegion = en;
			hasScannedForEncodings = 0;
			knownRegions = (
				en,
				Base,
			);
			mainGroup = 82F0190F29A77968003B33F4;
			packageReferences = (
				822A745329A8BCFC009F3A95 /* XCRemoteSwiftPackageReference "firebase-ios-sdk" */,
			);
			productRefGroup = 82F0191929A77968003B33F4 /* Products */;
			projectDirPath = "";
			projectRoot = "";
			targets = (
				82F0191729A77968003B33F4 /* MedSwiftiOS */,
			);
		};
/* End PBXProject section */

/* Begin PBXResourcesBuildPhase section */
		82F0191629A77968003B33F4 /* Resources */ = {
			isa = PBXResourcesBuildPhase;
			buildActionMask = 2147483647;
			files = (
				8264B6E729B9037800A9EDA8 /* SymptomsOutput.json in Resources */,
				821FE26029C08A3700B2A62C /* DiseasesOutput.json in Resources */,
				82F0192329A77969003B33F4 /* Preview Assets.xcassets in Resources */,
				82F0192029A77969003B33F4 /* Assets.xcassets in Resources */,
				822A745229A8BA3A009F3A95 /* GoogleService-Info.plist in Resources */,
			);
			runOnlyForDeploymentPostprocessing = 0;
		};
/* End PBXResourcesBuildPhase section */

/* Begin PBXSourcesBuildPhase section */
		82F0191429A77968003B33F4 /* Sources */ = {
			isa = PBXSourcesBuildPhase;
			buildActionMask = 2147483647;
			files = (
				820BAFE129AB641800F6D401 /* VerifyEmailView.swift in Sources */,
				8264B6E429B9033900A9EDA8 /* EndlessMedicalAPI.swift in Sources */,
				820BA3A429B268C80071CD0F /* ProfileView.swift in Sources */,
				8262E83329BF45D80047F790 /* HomeView.swift in Sources */,
				821FE26229C08A5400B2A62C /* Diseases.swift in Sources */,
				8262E83629BF97D30047F790 /* DiagnosisBeginView.swift in Sources */,
				822A746629A8C467009F3A95 /* Firebase.swift in Sources */,
				8264B6EB29B9F7C500A9EDA8 /* SymptomDetailView.swift in Sources */,
				82F0191E29A77968003B33F4 /* ContentView.swift in Sources */,
				8264B6E929B9F2E100A9EDA8 /* SymptomSearchView.swift in Sources */,
				82F0191C29A77968003B33F4 /* MedSwiftiOSApp.swift in Sources */,
				82D4EAC529BB31100006ACED /* SymptomAnalyzerViewModel.swift in Sources */,
				8264B6E229B9019500A9EDA8 /* Symptoms.swift in Sources */,
				82F0192B29A77A25003B33F4 /* LoginView.swift in Sources */,
				822A745029A7D28D009F3A95 /* UserModel.swift in Sources */,
				82F0192D29A796DC003B33F4 /* RegistrationView.swift in Sources */,
				822A746929A8EB96009F3A95 /* LoginViewModel.swift in Sources */,
			);
			runOnlyForDeploymentPostprocessing = 0;
		};
/* End PBXSourcesBuildPhase section */

/* Begin XCBuildConfiguration section */
		82F0192429A77969003B33F4 /* Debug */ = {
			isa = XCBuildConfiguration;
			buildSettings = {
				ALWAYS_SEARCH_USER_PATHS = NO;
				CLANG_ANALYZER_NONNULL = YES;
				CLANG_ANALYZER_NUMBER_OBJECT_CONVERSION = YES_AGGRESSIVE;
				CLANG_CXX_LANGUAGE_STANDARD = "gnu++20";
				CLANG_ENABLE_MODULES = YES;
				CLANG_ENABLE_OBJC_ARC = YES;
				CLANG_ENABLE_OBJC_WEAK = YES;
				CLANG_WARN_BLOCK_CAPTURE_AUTORELEASING = YES;
				CLANG_WARN_BOOL_CONVERSION = YES;
				CLANG_WARN_COMMA = YES;
				CLANG_WARN_CONSTANT_CONVERSION = YES;
				CLANG_WARN_DEPRECATED_OBJC_IMPLEMENTATIONS = YES;
				CLANG_WARN_DIRECT_OBJC_ISA_USAGE = YES_ERROR;
				CLANG_WARN_DOCUMENTATION_COMMENTS = YES;
				CLANG_WARN_EMPTY_BODY = YES;
				CLANG_WARN_ENUM_CONVERSION = YES;
				CLANG_WARN_INFINITE_RECURSION = YES;
				CLANG_WARN_INT_CONVERSION = YES;
				CLANG_WARN_NON_LITERAL_NULL_CONVERSION = YES;
				CLANG_WARN_OBJC_IMPLICIT_RETAIN_SELF = YES;
				CLANG_WARN_OBJC_LITERAL_CONVERSION = YES;
				CLANG_WARN_OBJC_ROOT_CLASS = YES_ERROR;
				CLANG_WARN_QUOTED_INCLUDE_IN_FRAMEWORK_HEADER = YES;
				CLANG_WARN_RANGE_LOOP_ANALYSIS = YES;
				CLANG_WARN_STRICT_PROTOTYPES = YES;
				CLANG_WARN_SUSPICIOUS_MOVE = YES;
				CLANG_WARN_UNGUARDED_AVAILABILITY = YES_AGGRESSIVE;
				CLANG_WARN_UNREACHABLE_CODE = YES;
				CLANG_WARN__DUPLICATE_METHOD_MATCH = YES;
				COPY_PHASE_STRIP = NO;
				DEBUG_INFORMATION_FORMAT = dwarf;
				ENABLE_STRICT_OBJC_MSGSEND = YES;
				ENABLE_TESTABILITY = YES;
				GCC_C_LANGUAGE_STANDARD = gnu11;
				GCC_DYNAMIC_NO_PIC = NO;
				GCC_NO_COMMON_BLOCKS = YES;
				GCC_OPTIMIZATION_LEVEL = 0;
				GCC_PREPROCESSOR_DEFINITIONS = (
					"DEBUG=1",
					"$(inherited)",
				);
				GCC_WARN_64_TO_32_BIT_CONVERSION = YES;
				GCC_WARN_ABOUT_RETURN_TYPE = YES_ERROR;
				GCC_WARN_UNDECLARED_SELECTOR = YES;
				GCC_WARN_UNINITIALIZED_AUTOS = YES_AGGRESSIVE;
				GCC_WARN_UNUSED_FUNCTION = YES;
				GCC_WARN_UNUSED_VARIABLE = YES;
				IPHONEOS_DEPLOYMENT_TARGET = 16.0;
				MTL_ENABLE_DEBUG_INFO = INCLUDE_SOURCE;
				MTL_FAST_MATH = YES;
				ONLY_ACTIVE_ARCH = YES;
				SDKROOT = iphoneos;
				SWIFT_ACTIVE_COMPILATION_CONDITIONS = DEBUG;
				SWIFT_OPTIMIZATION_LEVEL = "-Onone";
			};
			name = Debug;
		};
		82F0192529A77969003B33F4 /* Release */ = {
			isa = XCBuildConfiguration;
			buildSettings = {
				ALWAYS_SEARCH_USER_PATHS = NO;
				CLANG_ANALYZER_NONNULL = YES;
				CLANG_ANALYZER_NUMBER_OBJECT_CONVERSION = YES_AGGRESSIVE;
				CLANG_CXX_LANGUAGE_STANDARD = "gnu++20";
				CLANG_ENABLE_MODULES = YES;
				CLANG_ENABLE_OBJC_ARC = YES;
				CLANG_ENABLE_OBJC_WEAK = YES;
				CLANG_WARN_BLOCK_CAPTURE_AUTORELEASING = YES;
				CLANG_WARN_BOOL_CONVERSION = YES;
				CLANG_WARN_COMMA = YES;
				CLANG_WARN_CONSTANT_CONVERSION = YES;
				CLANG_WARN_DEPRECATED_OBJC_IMPLEMENTATIONS = YES;
				CLANG_WARN_DIRECT_OBJC_ISA_USAGE = YES_ERROR;
				CLANG_WARN_DOCUMENTATION_COMMENTS = YES;
				CLANG_WARN_EMPTY_BODY = YES;
				CLANG_WARN_ENUM_CONVERSION = YES;
				CLANG_WARN_INFINITE_RECURSION = YES;
				CLANG_WARN_INT_CONVERSION = YES;
				CLANG_WARN_NON_LITERAL_NULL_CONVERSION = YES;
				CLANG_WARN_OBJC_IMPLICIT_RETAIN_SELF = YES;
				CLANG_WARN_OBJC_LITERAL_CONVERSION = YES;
				CLANG_WARN_OBJC_ROOT_CLASS = YES_ERROR;
				CLANG_WARN_QUOTED_INCLUDE_IN_FRAMEWORK_HEADER = YES;
				CLANG_WARN_RANGE_LOOP_ANALYSIS = YES;
				CLANG_WARN_STRICT_PROTOTYPES = YES;
				CLANG_WARN_SUSPICIOUS_MOVE = YES;
				CLANG_WARN_UNGUARDED_AVAILABILITY = YES_AGGRESSIVE;
				CLANG_WARN_UNREACHABLE_CODE = YES;
				CLANG_WARN__DUPLICATE_METHOD_MATCH = YES;
				COPY_PHASE_STRIP = NO;
				DEBUG_INFORMATION_FORMAT = "dwarf-with-dsym";
				ENABLE_NS_ASSERTIONS = NO;
				ENABLE_STRICT_OBJC_MSGSEND = YES;
				GCC_C_LANGUAGE_STANDARD = gnu11;
				GCC_NO_COMMON_BLOCKS = YES;
				GCC_WARN_64_TO_32_BIT_CONVERSION = YES;
				GCC_WARN_ABOUT_RETURN_TYPE = YES_ERROR;
				GCC_WARN_UNDECLARED_SELECTOR = YES;
				GCC_WARN_UNINITIALIZED_AUTOS = YES_AGGRESSIVE;
				GCC_WARN_UNUSED_FUNCTION = YES;
				GCC_WARN_UNUSED_VARIABLE = YES;
				IPHONEOS_DEPLOYMENT_TARGET = 16.0;
				MTL_ENABLE_DEBUG_INFO = NO;
				MTL_FAST_MATH = YES;
				SDKROOT = iphoneos;
				SWIFT_COMPILATION_MODE = wholemodule;
				SWIFT_OPTIMIZATION_LEVEL = "-O";
				VALIDATE_PRODUCT = YES;
			};
			name = Release;
		};
		82F0192729A77969003B33F4 /* Debug */ = {
			isa = XCBuildConfiguration;
			buildSettings = {
				ASSETCATALOG_COMPILER_APPICON_NAME = AppIcon;
				ASSETCATALOG_COMPILER_GLOBAL_ACCENT_COLOR_NAME = AccentColor;
				CODE_SIGN_STYLE = Automatic;
				CURRENT_PROJECT_VERSION = 1;
				DEVELOPMENT_ASSET_PATHS = "\"MedSwiftiOS/Preview Content\"";
				DEVELOPMENT_TEAM = 6VD343QVV6;
				ENABLE_PREVIEWS = YES;
				GENERATE_INFOPLIST_FILE = YES;
				INFOPLIST_KEY_UIApplicationSceneManifest_Generation = YES;
				INFOPLIST_KEY_UIApplicationSupportsIndirectInputEvents = YES;
				INFOPLIST_KEY_UILaunchScreen_Generation = YES;
				INFOPLIST_KEY_UISupportedInterfaceOrientations_iPad = "UIInterfaceOrientationPortrait UIInterfaceOrientationPortraitUpsideDown UIInterfaceOrientationLandscapeLeft UIInterfaceOrientationLandscapeRight";
				INFOPLIST_KEY_UISupportedInterfaceOrientations_iPhone = "UIInterfaceOrientationPortrait UIInterfaceOrientationLandscapeLeft UIInterfaceOrientationLandscapeRight";
				LD_RUNPATH_SEARCH_PATHS = (
					"$(inherited)",
					"@executable_path/Frameworks",
				);
				MARKETING_VERSION = 1.0;
				PRODUCT_BUNDLE_IDENTIFIER = com.crpatil1901.MedSwiftiOS;
				PRODUCT_NAME = "$(TARGET_NAME)";
				SWIFT_EMIT_LOC_STRINGS = YES;
				SWIFT_VERSION = 5.0;
				TARGETED_DEVICE_FAMILY = "1,2";
			};
			name = Debug;
		};
		82F0192829A77969003B33F4 /* Release */ = {
			isa = XCBuildConfiguration;
			buildSettings = {
				ASSETCATALOG_COMPILER_APPICON_NAME = AppIcon;
				ASSETCATALOG_COMPILER_GLOBAL_ACCENT_COLOR_NAME = AccentColor;
				CODE_SIGN_STYLE = Automatic;
				CURRENT_PROJECT_VERSION = 1;
				DEVELOPMENT_ASSET_PATHS = "\"MedSwiftiOS/Preview Content\"";
				DEVELOPMENT_TEAM = 6VD343QVV6;
				ENABLE_PREVIEWS = YES;
				GENERATE_INFOPLIST_FILE = YES;
				INFOPLIST_KEY_UIApplicationSceneManifest_Generation = YES;
				INFOPLIST_KEY_UIApplicationSupportsIndirectInputEvents = YES;
				INFOPLIST_KEY_UILaunchScreen_Generation = YES;
				INFOPLIST_KEY_UISupportedInterfaceOrientations_iPad = "UIInterfaceOrientationPortrait UIInterfaceOrientationPortraitUpsideDown UIInterfaceOrientationLandscapeLeft UIInterfaceOrientationLandscapeRight";
				INFOPLIST_KEY_UISupportedInterfaceOrientations_iPhone = "UIInterfaceOrientationPortrait UIInterfaceOrientationLandscapeLeft UIInterfaceOrientationLandscapeRight";
				LD_RUNPATH_SEARCH_PATHS = (
					"$(inherited)",
					"@executable_path/Frameworks",
				);
				MARKETING_VERSION = 1.0;
				PRODUCT_BUNDLE_IDENTIFIER = com.crpatil1901.MedSwiftiOS;
				PRODUCT_NAME = "$(TARGET_NAME)";
				SWIFT_EMIT_LOC_STRINGS = YES;
				SWIFT_VERSION = 5.0;
				TARGETED_DEVICE_FAMILY = "1,2";
			};
			name = Release;
		};
/* End XCBuildConfiguration section */

/* Begin XCConfigurationList section */
		82F0191329A77968003B33F4 /* Build configuration list for PBXProject "MedSwiftiOS" */ = {
			isa = XCConfigurationList;
			buildConfigurations = (
				82F0192429A77969003B33F4 /* Debug */,
				82F0192529A77969003B33F4 /* Release */,
			);
			defaultConfigurationIsVisible = 0;
			defaultConfigurationName = Release;
		};
		82F0192629A77969003B33F4 /* Build configuration list for PBXNativeTarget "MedSwiftiOS" */ = {
			isa = XCConfigurationList;
			buildConfigurations = (
				82F0192729A77969003B33F4 /* Debug */,
				82F0192829A77969003B33F4 /* Release */,
			);
			defaultConfigurationIsVisible = 0;
			defaultConfigurationName = Release;
		};
/* End XCConfigurationList section */

/* Begin XCRemoteSwiftPackageReference section */
		822A745329A8BCFC009F3A95 /* XCRemoteSwiftPackageReference "firebase-ios-sdk" */ = {
			isa = XCRemoteSwiftPackageReference;
			repositoryURL = "https://github.com/firebase/firebase-ios-sdk";
			requirement = {
				kind = upToNextMajorVersion;
				minimumVersion = 9.0.0;
			};
		};
/* End XCRemoteSwiftPackageReference section */

/* Begin XCSwiftPackageProductDependency section */
		822A745429A8BCFC009F3A95 /* FirebaseAuth */ = {
			isa = XCSwiftPackageProductDependency;
			package = 822A745329A8BCFC009F3A95 /* XCRemoteSwiftPackageReference "firebase-ios-sdk" */;
			productName = FirebaseAuth;
		};
		822A745629A8BCFC009F3A95 /* FirebaseDatabase */ = {
			isa = XCSwiftPackageProductDependency;
			package = 822A745329A8BCFC009F3A95 /* XCRemoteSwiftPackageReference "firebase-ios-sdk" */;
			productName = FirebaseDatabase;
		};
		822A745829A8BCFC009F3A95 /* FirebaseDatabaseSwift */ = {
			isa = XCSwiftPackageProductDependency;
			package = 822A745329A8BCFC009F3A95 /* XCRemoteSwiftPackageReference "firebase-ios-sdk" */;
			productName = FirebaseDatabaseSwift;
		};
		822A745A29A8BCFC009F3A95 /* FirebaseFirestore */ = {
			isa = XCSwiftPackageProductDependency;
			package = 822A745329A8BCFC009F3A95 /* XCRemoteSwiftPackageReference "firebase-ios-sdk" */;
			productName = FirebaseFirestore;
		};
		822A745C29A8BCFC009F3A95 /* FirebaseFirestoreCombine-Community */ = {
			isa = XCSwiftPackageProductDependency;
			package = 822A745329A8BCFC009F3A95 /* XCRemoteSwiftPackageReference "firebase-ios-sdk" */;
			productName = "FirebaseFirestoreCombine-Community";
		};
		822A745E29A8BCFC009F3A95 /* FirebaseFirestoreSwift */ = {
			isa = XCSwiftPackageProductDependency;
			package = 822A745329A8BCFC009F3A95 /* XCRemoteSwiftPackageReference "firebase-ios-sdk" */;
			productName = FirebaseFirestoreSwift;
		};
		822A746029A8BCFC009F3A95 /* FirebaseStorage */ = {
			isa = XCSwiftPackageProductDependency;
			package = 822A745329A8BCFC009F3A95 /* XCRemoteSwiftPackageReference "firebase-ios-sdk" */;
			productName = FirebaseStorage;
		};
		822A746229A8BCFC009F3A95 /* FirebaseStorageCombine-Community */ = {
			isa = XCSwiftPackageProductDependency;
			package = 822A745329A8BCFC009F3A95 /* XCRemoteSwiftPackageReference "firebase-ios-sdk" */;
			productName = "FirebaseStorageCombine-Community";
		};
/* End XCSwiftPackageProductDependency section */
	};
	rootObject = 82F0191029A77968003B33F4 /* Project object */;
}
